# This file is autogenerated, do not edit; changes may be undone by the next 'dep ensure'.


[[projects]]
  branch = "master"
  name = "github.com/barnybug/go-cast"
  packages = [
    ".",
    "api",
    "controllers",
    "events",
    "log",
    "net"
  ]
  revision = "a92c32bbc819c2f66ea81659a2f8b40aa58e3203"

[[projects]]
  name = "github.com/gogo/protobuf"
  packages = ["proto"]
  revision = "1adfc126b41513cc696b209667c8656ea7aac67c"
  version = "v1.0.0"

[[projects]]
  branch = "master"
  name = "github.com/hashicorp/go.net"
  packages = [
    "internal/iana",
    "ipv4",
    "ipv6"
  ]
  revision = "104dcad90073cd8d1e6828b2af19185b60cf3e29"

[[projects]]
  branch = "master"
  name = "github.com/hashicorp/mdns"
  packages = ["."]
  revision = "4e527d9d808175f132f949523e640c699e4253bb"

[[projects]]
  branch = "master"
  name = "github.com/ikasamah/homecast"
  packages = ["."]
  revision = "e744f32a576fe07092404ed1bd33be576dad1c56"

[[projects]]
  name = "github.com/miekg/dns"
  packages = ["."]
  revision = "83c435cc65d2862736428b9b4d07d0ab10ad3e4d"
  version = "v1.0.5"

[[projects]]
  name = "github.com/nlopes/slack"
  packages = ["."]
  revision = "c86337c0ef2486a15edd804355d9c73d2f2caed1"
  version = "v0.1.0"

[[projects]]
  branch = "master"
  name = "golang.org/x/crypto"
  packages = [
    "ed25519",
    "ed25519/internal/edwards25519"
  ]
  revision = "ae8bce0030810cf999bb2b9868ae5c7c58e6343b"

[[projects]]
  branch = "master"
  name = "golang.org/x/net"
  packages = [
    "bpf",
    "context",
    "internal/iana",
    "internal/socket",
    "ipv4",
    "ipv6",
    "websocket"
  ]
  revision = "5f9ae10d9af5b1c89ae6904293b14b064d4ada23"

[[projects]]
  branch = "master"
  name = "golang.org/x/sync"
  packages = ["errgroup"]
  revision = "1d60e4601c6fd243af51cc01ddf169918a5407ca"

[solve-meta]
  analyzer-name = "dep"
  analyzer-version = 1
  inputs-digest = "156be7993c2d44e1c45d1436e240b4039345fc72d852152cf9996201abf75774"
  solver-name = "gps-cdcl"
  solver-version = 1
